// !$*UTF8*$!
{
	archiveVersion = 1;
	classes = {
	};
	objectVersion = 46;
	objects = {

/* Begin PBXBuildFile section */
		C4250DFC1B640C4F00EFB595 /* AppDelegate.swift in Sources */ = {isa = PBXBuildFile; fileRef = C4250DFB1B640C4F00EFB595 /* AppDelegate.swift */; };
		C4250E031B640C4F00EFB595 /* Assets.xcassets in Resources */ = {isa = PBXBuildFile; fileRef = C4250E021B640C4F00EFB595 /* Assets.xcassets */; };
		C4250E061B640C4F00EFB595 /* LaunchScreen.storyboard in Resources */ = {isa = PBXBuildFile; fileRef = C4250E041B640C4F00EFB595 /* LaunchScreen.storyboard */; };
		C4250E111B640C4F00EFB595 /* Adaptive_OneTests.swift in Sources */ = {isa = PBXBuildFile; fileRef = C4250E101B640C4F00EFB595 /* Adaptive_OneTests.swift */; };
		C4250E1C1B640C4F00EFB595 /* Adaptive_OneUITests.swift in Sources */ = {isa = PBXBuildFile; fileRef = C4250E1B1B640C4F00EFB595 /* Adaptive_OneUITests.swift */; };
		C4250E651B640CD200EFB595 /* Main.storyboard in Resources */ = {isa = PBXBuildFile; fileRef = C4250E631B640CD200EFB595 /* Main.storyboard */; };
		C4250E661B640CD200EFB595 /* ViewController.swift in Sources */ = {isa = PBXBuildFile; fileRef = C4250E641B640CD200EFB595 /* ViewController.swift */; };
/* End PBXBuildFile section */

/* Begin PBXContainerItemProxy section */
		C4250E0D1B640C4F00EFB595 /* PBXContainerItemProxy */ = {
			isa = PBXContainerItemProxy;
			containerPortal = C4250DF01B640C4F00EFB595 /* Project object */;
			proxyType = 1;
			remoteGlobalIDString = C4250DF71B640C4F00EFB595;
			remoteInfo = "Adaptive One";
		};
		C4250E181B640C4F00EFB595 /* PBXContainerItemProxy */ = {
			isa = PBXContainerItemProxy;
			containerPortal = C4250DF01B640C4F00EFB595 /* Project object */;
			proxyType = 1;
			remoteGlobalIDString = C4250DF71B640C4F00EFB595;
			remoteInfo = "Adaptive One";
		};
/* End PBXContainerItemProxy section */

/* Begin PBXFileReference section */
		C4250DF81B640C4F00EFB595 /* Adaptive One.app */ = {isa = PBXFileReference; explicitFileType = wrapper.application; includeInIndex = 0; path = "Adaptive One.app"; sourceTree = BUILT_PRODUCTS_DIR; };
		C4250DFB1B640C4F00EFB595 /* AppDelegate.swift */ = {isa = PBXFileReference; lastKnownFileType = sourcecode.swift; path = AppDelegate.swift; sourceTree = "<group>"; };
		C4250E021B640C4F00EFB595 /* Assets.xcassets */ = {isa = PBXFileReference; lastKnownFileType = folder.assetcatalog; path = Assets.xcassets; sourceTree = "<group>"; };
		C4250E051B640C4F00EFB595 /* Base */ = {isa = PBXFileReference; lastKnownFileType = file.storyboard; name = Base; path = Base.lproj/LaunchScreen.storyboard; sourceTree = "<group>"; };
		C4250E071B640C4F00EFB595 /* Info.plist */ = {isa = PBXFileReference; lastKnownFileType = text.plist.xml; path = Info.plist; sourceTree = "<group>"; };
		C4250E0C1B640C4F00EFB595 /* Adaptive OneTests.xctest */ = {isa = PBXFileReference; explicitFileType = wrapper.cfbundle; includeInIndex = 0; path = "Adaptive OneTests.xctest"; sourceTree = BUILT_PRODUCTS_DIR; };
		C4250E101B640C4F00EFB595 /* Adaptive_OneTests.swift */ = {isa = PBXFileReference; lastKnownFileType = sourcecode.swift; path = Adaptive_OneTests.swift; sourceTree = "<group>"; };
		C4250E121B640C4F00EFB595 /* Info.plist */ = {isa = PBXFileReference; lastKnownFileType = text.plist.xml; path = Info.plist; sourceTree = "<group>"; };
		C4250E171B640C4F00EFB595 /* Adaptive OneUITests.xctest */ = {isa = PBXFileReference; explicitFileType = wrapper.cfbundle; includeInIndex = 0; path = "Adaptive OneUITests.xctest"; sourceTree = BUILT_PRODUCTS_DIR; };
		C4250E1B1B640C4F00EFB595 /* Adaptive_OneUITests.swift */ = {isa = PBXFileReference; lastKnownFileType = sourcecode.swift; path = Adaptive_OneUITests.swift; sourceTree = "<group>"; };
		C4250E1D1B640C4F00EFB595 /* Info.plist */ = {isa = PBXFileReference; lastKnownFileType = text.plist.xml; path = Info.plist; sourceTree = "<group>"; };
		C4250E631B640CD200EFB595 /* Main.storyboard */ = {isa = PBXFileReference; fileEncoding = 4; lastKnownFileType = file.storyboard; name = Main.storyboard; path = "../../Adaptive Common/Main.storyboard"; sourceTree = "<group>"; };
		C4250E641B640CD200EFB595 /* ViewController.swift */ = {isa = PBXFileReference; fileEncoding = 4; lastKnownFileType = sourcecode.swift; name = ViewController.swift; path = "../../Adaptive Common/ViewController.swift"; sourceTree = "<group>"; };
/* End PBXFileReference section */

/* Begin PBXFrameworksBuildPhase section */
		C4250DF51B640C4F00EFB595 /* Frameworks */ = {
			isa = PBXFrameworksBuildPhase;
			buildActionMask = 2147483647;
			files = (
			);
			runOnlyForDeploymentPostprocessing = 0;
		};
		C4250E091B640C4F00EFB595 /* Frameworks */ = {
			isa = PBXFrameworksBuildPhase;
			buildActionMask = 2147483647;
			files = (
			);
			runOnlyForDeploymentPostprocessing = 0;
		};
		C4250E141B640C4F00EFB595 /* Frameworks */ = {
			isa = PBXFrameworksBuildPhase;
			buildActionMask = 2147483647;
			files = (
			);
			runOnlyForDeploymentPostprocessing = 0;
		};
/* End PBXFrameworksBuildPhase section */

/* Begin PBXGroup section */
		C4250DEF1B640C4F00EFB595 = {
			isa = PBXGroup;
			children = (
				C4250DFA1B640C4F00EFB595 /* Adaptive One */,
				C4250E0F1B640C4F00EFB595 /* Adaptive OneTests */,
				C4250E1A1B640C4F00EFB595 /* Adaptive OneUITests */,
				C4250DF91B640C4F00EFB595 /* Products */,
			);
			sourceTree = "<group>";
		};
		C4250DF91B640C4F00EFB595 /* Products */ = {
			isa = PBXGroup;
			children = (
				C4250DF81B640C4F00EFB595 /* Adaptive One.app */,
				C4250E0C1B640C4F00EFB595 /* Adaptive OneTests.xctest */,
				C4250E171B640C4F00EFB595 /* Adaptive OneUITests.xctest */,
			);
			name = Products;
			sourceTree = "<group>";
		};
		C4250DFA1B640C4F00EFB595 /* Adaptive One */ = {
			isa = PBXGroup;
			children = (
				C4250E631B640CD200EFB595 /* Main.storyboard */,
				C4250E641B640CD200EFB595 /* ViewController.swift */,
				C4250DFB1B640C4F00EFB595 /* AppDelegate.swift */,
				C4250E021B640C4F00EFB595 /* Assets.xcassets */,
				C4250E041B640C4F00EFB595 /* LaunchScreen.storyboard */,
				C4250E071B640C4F00EFB595 /* Info.plist */,
			);
			path = "Adaptive One";
			sourceTree = "<group>";
		};
		C4250E0F1B640C4F00EFB595 /* Adaptive OneTests */ = {
			isa = PBXGroup;
			children = (
				C4250E101B640C4F00EFB595 /* Adaptive_OneTests.swift */,
				C4250E121B640C4F00EFB595 /* Info.plist */,
			);
			path = "Adaptive OneTests";
			sourceTree = "<group>";
		};
		C4250E1A1B640C4F00EFB595 /* Adaptive OneUITests */ = {
			isa = PBXGroup;
			children = (
				C4250E1B1B640C4F00EFB595 /* Adaptive_OneUITests.swift */,
				C4250E1D1B640C4F00EFB595 /* Info.plist */,
			);
			path = "Adaptive OneUITests";
			sourceTree = "<group>";
		};
/* End PBXGroup section */

/* Begin PBXNativeTarget section */
		C4250DF71B640C4F00EFB595 /* Adaptive One */ = {
			isa = PBXNativeTarget;
			buildConfigurationList = C4250E201B640C4F00EFB595 /* Build configuration list for PBXNativeTarget "Adaptive One" */;
			buildPhases = (
				C4250DF41B640C4F00EFB595 /* Sources */,
				C4250DF51B640C4F00EFB595 /* Frameworks */,
				C4250DF61B640C4F00EFB595 /* Resources */,
			);
			buildRules = (
			);
			dependencies = (
			);
			name = "Adaptive One";
			productName = "Adaptive One";
			productReference = C4250DF81B640C4F00EFB595 /* Adaptive One.app */;
			productType = "com.apple.product-type.application";
		};
		C4250E0B1B640C4F00EFB595 /* Adaptive OneTests */ = {
			isa = PBXNativeTarget;
			buildConfigurationList = C4250E231B640C4F00EFB595 /* Build configuration list for PBXNativeTarget "Adaptive OneTests" */;
			buildPhases = (
				C4250E081B640C4F00EFB595 /* Sources */,
				C4250E091B640C4F00EFB595 /* Frameworks */,
				C4250E0A1B640C4F00EFB595 /* Resources */,
			);
			buildRules = (
			);
			dependencies = (
				C4250E0E1B640C4F00EFB595 /* PBXTargetDependency */,
			);
			name = "Adaptive OneTests";
			productName = "Adaptive OneTests";
			productReference = C4250E0C1B640C4F00EFB595 /* Adaptive OneTests.xctest */;
			productType = "com.apple.product-type.bundle.unit-test";
		};
		C4250E161B640C4F00EFB595 /* Adaptive OneUITests */ = {
			isa = PBXNativeTarget;
			buildConfigurationList = C4250E261B640C4F00EFB595 /* Build configuration list for PBXNativeTarget "Adaptive OneUITests" */;
			buildPhases = (
				C4250E131B640C4F00EFB595 /* Sources */,
				C4250E141B640C4F00EFB595 /* Frameworks */,
				C4250E151B640C4F00EFB595 /* Resources */,
			);
			buildRules = (
			);
			dependencies = (
				C4250E191B640C4F00EFB595 /* PBXTargetDependency */,
			);
			name = "Adaptive OneUITests";
			productName = "Adaptive OneUITests";
			productReference = C4250E171B640C4F00EFB595 /* Adaptive OneUITests.xctest */;
			productType = "com.apple.product-type.bundle.ui-testing";
		};
/* End PBXNativeTarget section */

/* Begin PBXProject section */
		C4250DF01B640C4F00EFB595 /* Project object */ = {
			isa = PBXProject;
			attributes = {
				LastUpgradeCheck = 0700;
				ORGANIZATIONNAME = "Bob Wakefield";
				TargetAttributes = {
					C4250DF71B640C4F00EFB595 = {
						CreatedOnToolsVersion = 7.0;
					};
					C4250E0B1B640C4F00EFB595 = {
						CreatedOnToolsVersion = 7.0;
						TestTargetID = C4250DF71B640C4F00EFB595;
					};
					C4250E161B640C4F00EFB595 = {
						CreatedOnToolsVersion = 7.0;
						TestTargetID = C4250DF71B640C4F00EFB595;
					};
				};
			};
			buildConfigurationList = C4250DF31B640C4F00EFB595 /* Build configuration list for PBXProject "Adaptive One" */;
			compatibilityVersion = "Xcode 3.2";
			developmentRegion = English;
			hasScannedForEncodings = 0;
			knownRegions = (
				en,
				Base,
			);
			mainGroup = C4250DEF1B640C4F00EFB595;
			productRefGroup = C4250DF91B640C4F00EFB595 /* Products */;
			projectDirPath = "";
			projectRoot = "";
			targets = (
				C4250DF71B640C4F00EFB595 /* Adaptive One */,
				C4250E0B1B640C4F00EFB595 /* Adaptive OneTests */,
				C4250E161B640C4F00EFB595 /* Adaptive OneUITests */,
			);
		};
/* End PBXProject section */

/* Begin PBXResourcesBuildPhase section */
		C4250DF61B640C4F00EFB595 /* Resources */ = {
			isa = PBXResourcesBuildPhase;
			buildActionMask = 2147483647;
			files = (
				C4250E651B640CD200EFB595 /* Main.storyboard in Resources */,
				C4250E061B640C4F00EFB595 /* LaunchScreen.storyboard in Resources */,
				C4250E031B640C4F00EFB595 /* Assets.xcassets in Resources */,
			);
			runOnlyForDeploymentPostprocessing = 0;
		};
		C4250E0A1B640C4F00EFB595 /* Resources */ = {
			isa = PBXResourcesBuildPhase;
			buildActionMask = 2147483647;
			files = (
			);
			runOnlyForDeploymentPostprocessing = 0;
		};
		C4250E151B640C4F00EFB595 /* Resources */ = {
			isa = PBXResourcesBuildPhase;
			buildActionMask = 2147483647;
			files = (
			);
			runOnlyForDeploymentPostprocessing = 0;
		};
/* End PBXResourcesBuildPhase section */

/* Begin PBXSourcesBuildPhase section */
		C4250DF41B640C4F00EFB595 /* Sources */ = {
			isa = PBXSourcesBuildPhase;
			buildActionMask = 2147483647;
			files = (
				C4250E661B640CD200EFB595 /* ViewController.swift in Sources */,
				C4250DFC1B640C4F00EFB595 /* AppDelegate.swift in Sources */,
			);
			runOnlyForDeploymentPostprocessing = 0;
		};
		C4250E081B640C4F00EFB595 /* Sources */ = {
			isa = PBXSourcesBuildPhase;
			buildActionMask = 2147483647;
			files = (
				C4250E111B640C4F00EFB595 /* Adaptive_OneTests.swift in Sources */,
			);
			runOnlyForDeploymentPostprocessing = 0;
		};
		C4250E131B640C4F00EFB595 /* Sources */ = {
			isa = PBXSourcesBuildPhase;
			buildActionMask = 2147483647;
			files = (
				C4250E1C1B640C4F00EFB595 /* Adaptive_OneUITests.swift in Sources */,
			);
			runOnlyForDeploymentPostprocessing = 0;
		};
/* End PBXSourcesBuildPhase section */

/* Begin PBXTargetDependency section */
		C4250E0E1B640C4F00EFB595 /* PBXTargetDependency */ = {
			isa = PBXTargetDependency;
			target = C4250DF71B640C4F00EFB595 /* Adaptive One */;
			targetProxy = C4250E0D1B640C4F00EFB595 /* PBXContainerItemProxy */;
		};
		C4250E191B640C4F00EFB595 /* PBXTargetDependency */ = {
			isa = PBXTargetDependency;
			target = C4250DF71B640C4F00EFB595 /* Adaptive One */;
			targetProxy = C4250E181B640C4F00EFB595 /* PBXContainerItemProxy */;
		};
/* End PBXTargetDependency section */

/* Begin PBXVariantGroup section */
		C4250E041B640C4F00EFB595 /* LaunchScreen.storyboard */ = {
			isa = PBXVariantGroup;
			children = (
				C4250E051B640C4F00EFB595 /* Base */,
			);
			name = LaunchScreen.storyboard;
			sourceTree = "<group>";
		};
/* End PBXVariantGroup section */

/* Begin XCBuildConfiguration section */
		C4250E1E1B640C4F00EFB595 /* Debug */ = {
			isa = XCBuildConfiguration;
			buildSettings = {
				ALWAYS_SEARCH_USER_PATHS = NO;
				CLANG_CXX_LANGUAGE_STANDARD = "gnu++0x";
				CLANG_CXX_LIBRARY = "libc++";
				CLANG_ENABLE_MODULES = YES;
				CLANG_ENABLE_OBJC_ARC = YES;
				CLANG_WARN_BOOL_CONVERSION = YES;
				CLANG_WARN_CONSTANT_CONVERSION = YES;
				CLANG_WARN_DIRECT_OBJC_ISA_USAGE = YES_ERROR;
				CLANG_WARN_EMPTY_BODY = YES;
				CLANG_WARN_ENUM_CONVERSION = YES;
				CLANG_WARN_INT_CONVERSION = YES;
				CLANG_WARN_OBJC_ROOT_CLASS = YES_ERROR;
				CLANG_WARN_UNREACHABLE_CODE = YES;
				CLANG_WARN__DUPLICATE_METHOD_MATCH = YES;
				"CODE_SIGN_IDENTITY[sdk=iphoneos*]" = "iPhone Developer";
				COPY_PHASE_STRIP = NO;
				DEBUG_INFORMATION_FORMAT = dwarf;
				ENABLE_STRICT_OBJC_MSGSEND = YES;
				ENABLE_TESTABILITY = YES;
				GCC_C_LANGUAGE_STANDARD = gnu99;
				GCC_DYNAMIC_NO_PIC = NO;
				GCC_NO_COMMON_BLOCKS = YES;
				GCC_OPTIMIZATION_LEVEL = 0;
				GCC_PREPROCESSOR_DEFINITIONS = (
					"DEBUG=1",
					"$(inherited)",
				);
				GCC_WARN_64_TO_32_BIT_CONVERSION = YES;
				GCC_WARN_ABOUT_RETURN_TYPE = YES_ERROR;
				GCC_WARN_UNDECLARED_SELECTOR = YES;
				GCC_WARN_UNINITIALIZED_AUTOS = YES_AGGRESSIVE;
				GCC_WARN_UNUSED_FUNCTION = YES;
				GCC_WARN_UNUSED_VARIABLE = YES;
				IPHONEOS_DEPLOYMENT_TARGET = 9.0;
				MTL_ENABLE_DEBUG_INFO = YES;
				ONLY_ACTIVE_ARCH = YES;
				SDKROOT = iphoneos;
				SWIFT_OPTIMIZATION_LEVEL = "-Onone";
				TARGETED_DEVICE_FAMILY = "1,2";
			};
			name = Debug;
		};
		C4250E1F1B640C4F00EFB595 /* Release */ = {
			isa = XCBuildConfiguration;
			buildSettings = {
				ALWAYS_SEARCH_USER_PATHS = NO;
				CLANG_CXX_LANGUAGE_STANDARD = "gnu++0x";
				CLANG_CXX_LIBRARY = "libc++";
				CLANG_ENABLE_MODULES = YES;
				CLANG_ENABLE_OBJC_ARC = YES;
				CLANG_WARN_BOOL_CONVERSION = YES;
				CLANG_WARN_CONSTANT_CONVERSION = YES;
				CLANG_WARN_DIRECT_OBJC_ISA_USAGE = YES_ERROR;
				CLANG_WARN_EMPTY_BODY = YES;
				CLANG_WARN_ENUM_CONVERSION = YES;
				CLANG_WARN_INT_CONVERSION = YES;
				CLANG_WARN_OBJC_ROOT_CLASS = YES_ERROR;
				CLANG_WARN_UNREACHABLE_CODE = YES;
				CLANG_WARN__DUPLICATE_METHOD_MATCH = YES;
				"CODE_SIGN_IDENTITY[sdk=iphoneos*]" = "iPhone Developer";
				COPY_PHASE_STRIP = NO;
				DEBUG_INFORMATION_FORMAT = "dwarf-with-dsym";
				ENABLE_NS_ASSERTIONS = NO;
				ENABLE_STRICT_OBJC_MSGSEND = YES;
				GCC_C_LANGUAGE_STANDARD = gnu99;
				GCC_NO_COMMON_BLOCKS = YES;
				GCC_WARN_64_TO_32_BIT_CONVERSION = YES;
				GCC_WARN_ABOUT_RETURN_TYPE = YES_ERROR;
				GCC_WARN_UNDECLARED_SELECTOR = YES;
				GCC_WARN_UNINITIALIZED_AUTOS = YES_AGGRESSIVE;
				GCC_WARN_UNUSED_FUNCTION = YES;
				GCC_WARN_UNUSED_VARIABLE = YES;
				IPHONEOS_DEPLOYMENT_TARGET = 9.0;
				MTL_ENABLE_DEBUG_INFO = NO;
				SDKROOT = iphoneos;
				TARGETED_DEVICE_FAMILY = "1,2";
				VALIDATE_PRODUCT = YES;
			};
			name = Release;
		};
		C4250E211B640C4F00EFB595 /* Debug */ = {
			isa = XCBuildConfiguration;
			buildSettings = {
				ASSETCATALOG_COMPILER_APPICON_NAME = AppIcon;
				INFOPLIST_FILE = "Adaptive One/Info.plist";
				LD_RUNPATH_SEARCH_PATHS = "$(inherited) @executable_path/Frameworks";
				PRODUCT_BUNDLE_IDENTIFIER = "net.cockleburr.Adaptive-One";
				PRODUCT_NAME = "$(TARGET_NAME)";
			};
			name = Debug;
		};
		C4250E221B640C4F00EFB595 /* Release */ = {
			isa = XCBuildConfiguration;
			buildSettings = {
				ASSETCATALOG_COMPILER_APPICON_NAME = AppIcon;
				INFOPLIST_FILE = "Adaptive One/Info.plist";
				LD_RUNPATH_SEARCH_PATHS = "$(inherited) @executable_path/Frameworks";
				PRODUCT_BUNDLE_IDENTIFIER = "net.cockleburr.Adaptive-One";
				PRODUCT_NAME = "$(TARGET_NAME)";
			};
			name = Release;
		};
		C4250E241B640C4F00EFB595 /* Debug */ = {
			isa = XCBuildConfiguration;
			buildSettings = {
				BUNDLE_LOADER = "$(TEST_HOST)";
				INFOPLIST_FILE = "Adaptive OneTests/Info.plist";
				LD_RUNPATH_SEARCH_PATHS = "$(inherited) @executable_path/Frameworks @loader_path/Frameworks";
				PRODUCT_BUNDLE_IDENTIFIER = "net.cockleburr.Adaptive-OneTests";
				PRODUCT_NAME = "$(TARGET_NAME)";
				TEST_HOST = "$(BUILT_PRODUCTS_DIR)/Adaptive One.app/Adaptive One";
			};
			name = Debug;
		};
		C4250E251B640C4F00EFB595 /* Release */ = {
			isa = XCBuildConfiguration;
			buildSettings = {
				BUNDLE_LOADER = "$(TEST_HOST)";
				INFOPLIST_FILE = "Adaptive OneTests/Info.plist";
				LD_RUNPATH_SEARCH_PATHS = "$(inherited) @executable_path/Frameworks @loader_path/Frameworks";
				PRODUCT_BUNDLE_IDENTIFIER = "net.cockleburr.Adaptive-OneTests";
				PRODUCT_NAME = "$(TARGET_NAME)";
				TEST_HOST = "$(BUILT_PRODUCTS_DIR)/Adaptive One.app/Adaptive One";
			};
			name = Release;
		};
		C4250E271B640C4F00EFB595 /* Debug */ = {
			isa = XCBuildConfiguration;
			buildSettings = {
				INFOPLIST_FILE = "Adaptive OneUITests/Info.plist";
				LD_RUNPATH_SEARCH_PATHS = "$(inherited) @executable_path/Frameworks @loader_path/Frameworks";
				PRODUCT_BUNDLE_IDENTIFIER = "net.cockleburr.Adaptive-OneUITests";
				PRODUCT_NAME = "$(TARGET_NAME)";
				TEST_TARGET_NAME = "Adaptive One";
				USES_XCTRUNNER = YES;
			};
			name = Debug;
		};
		C4250E281B640C4F00EFB595 /* Release */ = {
			isa = XCBuildConfiguration;
			buildSettings = {
				INFOPLIST_FILE = "Adaptive OneUITests/Info.plist";
				LD_RUNPATH_SEARCH_PATHS = "$(inherited) @executable_path/Frameworks @loader_path/Frameworks";
				PRODUCT_BUNDLE_IDENTIFIER = "net.cockleburr.Adaptive-OneUITests";
				PRODUCT_NAME = "$(TARGET_NAME)";
				TEST_TARGET_NAME = "Adaptive One";
				USES_XCTRUNNER = YES;
			};
			name = Release;
		};
/* End XCBuildConfiguration section */

/* Begin XCConfigurationList section */
		C4250DF31B640C4F00EFB595 /* Build configuration list for PBXProject "Adaptive One" */ = {
			isa = XCConfigurationList;
			buildConfigurations = (
				C4250E1E1B640C4F00EFB595 /* Debug */,
				C4250E1F1B640C4F00EFB595 /* Release */,
			);
			defaultConfigurationIsVisible = 0;
			defaultConfigurationName = Release;
		};
		C4250E201B640C4F00EFB595 /* Build configuration list for PBXNativeTarget "Adaptive One" */ = {
			isa = XCConfigurationList;
			buildConfigurations = (
				C4250E211B640C4F00EFB595 /* Debug */,
				C4250E221B640C4F00EFB595 /* Release */,
			);
			defaultConfigurationIsVisible = 0;
			defaultConfigurationName = Release;
		};
		C4250E231B640C4F00EFB595 /* Build configuration list for PBXNativeTarget "Adaptive OneTests" */ = {
			isa = XCConfigurationList;
			buildConfigurations = (
				C4250E241B640C4F00EFB595 /* Debug */,
				C4250E251B640C4F00EFB595 /* Release */,
			);
			defaultConfigurationIsVisible = 0;
			defaultConfigurationName = Release;
		};
		C4250E261B640C4F00EFB595 /* Build configuration list for PBXNativeTarget "Adaptive OneUITests" */ = {
			isa = XCConfigurationList;
			buildConfigurations = (
				C4250E271B640C4F00EFB595 /* Debug */,
				C4250E281B640C4F00EFB595 /* Release */,
			);
			defaultConfigurationIsVisible = 0;
			defaultConfigurationName = Release;
		};
/* End XCConfigurationList section */
	};
	rootObject = C4250DF01B640C4F00EFB595 /* Project object */;
}
